
Microsoft Visual Studio Solution File, Format Version 12.00
# Visual Studio Version 17
VisualStudioVersion = 17.11.35222.181
MinimumVisualStudioVersion = 10.0.40219.1
Project("{8BC9CEB8-8B4A-11D0-8D11-00A0C91BC942}") = "Percentage", "Percentage\Percentage.vcxproj", "{FDF133C2-EF94-4FCB-850C-752841FFDC43}"
EndProject
Global
	GlobalSection(SolutionConfigurationPlatforms) = preSolution
		Debug|x64 = Debug|x64
		Debug|x86 = Debug|x86
		Release|x64 = Release|x64
		Release|x86 = Release|x86
	EndGlobalSection
	GlobalSection(ProjectConfigurationPlatforms) = postSolution
		{FDF133C2-EF94-4FCB-850C-752841FFDC43}.Debug|x64.ActiveCfg = Debug|x64
		{FDF133C2-EF94-4FCB-850C-752841FFDC43}.Debug|x64.Build.0 = Debug|x64
		{FDF133C2-EF94-4FCB-850C-752841FFDC43}.Debug|x86.ActiveCfg = Debug|Win32
		{FDF133C2-EF94-4FCB-850C-752841FFDC43}.Debug|x86.Build.0 = Debug|Win32
		{FDF133C2-EF94-4FCB-850C-752841FFDC43}.Release|x64.ActiveCfg = Release|x64
		{FDF133C2-EF94-4FCB-850C-752841FFDC43}.Release|x64.Build.0 = Release|x64
		{FDF133C2-EF94-4FCB-850C-752841FFDC43}.Release|x86.ActiveCfg = Release|Win32
		{FDF133C2-EF94-4FCB-850C-752841FFDC43}.Release|x86.Build.0 = Release|Win32
	EndGlobalSection
	GlobalSection(SolutionProperties) = preSolution
		HideSolutionNode = FALSE
	EndGlobalSection
	GlobalSection(ExtensibilityGlobals) = postSolution
		SolutionGuid = {5D32EA4F-2A12-423D-BF98-564431E23DD3}
	EndGlobalSection
EndGlobal
